
Microsoft Visual Studio Solution File, Format Version 12.00
# Visual Studio 15
VisualStudioVersion = 15.0.28307.757
MinimumVisualStudioVersion = 10.0.40219.1
Project("{8BC9CEB8-8B4A-11D0-8D11-00A0C91BC942}") = "Map", "Map\Map.vcxproj", "{3C8F973D-7C46-4F0A-B98D-578BDDF7D1E5}"
EndProject
Global
	GlobalSection(SolutionConfigurationPlatforms) = preSolution
		Debug|x64 = Debug|x64
		Debug|x86 = Debug|x86
		Release|x64 = Release|x64
		Release|x86 = Release|x86
	EndGlobalSection
	GlobalSection(ProjectConfigurationPlatforms) = postSolution
		{3C8F973D-7C46-4F0A-B98D-578BDDF7D1E5}.Debug|x64.ActiveCfg = Debug|x64
		{3C8F973D-7C46-4F0A-B98D-578BDDF7D1E5}.Debug|x64.Build.0 = Debug|x64
		{3C8F973D-7C46-4F0A-B98D-578BDDF7D1E5}.Debug|x86.ActiveCfg = Debug|Win32
		{3C8F973D-7C46-4F0A-B98D-578BDDF7D1E5}.Debug|x86.Build.0 = Debug|Win32
		{3C8F973D-7C46-4F0A-B98D-578BDDF7D1E5}.Release|x64.ActiveCfg = Release|x64
		{3C8F973D-7C46-4F0A-B98D-578BDDF7D1E5}.Release|x64.Build.0 = Release|x64
		{3C8F973D-7C46-4F0A-B98D-578BDDF7D1E5}.Release|x86.ActiveCfg = Release|Win32
		{3C8F973D-7C46-4F0A-B98D-578BDDF7D1E5}.Release|x86.Build.0 = Release|Win32
	EndGlobalSection
	GlobalSection(SolutionProperties) = preSolution
		HideSolutionNode = FALSE
	EndGlobalSection
	GlobalSection(ExtensibilityGlobals) = postSolution
		SolutionGuid = {BED4337E-40A5-4C0B-979B-6703013F4E80}
	EndGlobalSection
EndGlobal
