<?xml version="1.0" encoding="utf-8"?>
<Project ToolsVersion="4.0" xmlns="http://schemas.microsoft.com/developer/msbuild/2003">
  <ItemGroup>
    <Filter Include="Framework">
      <UniqueIdentifier>{c0217b35-f2f8-4dbe-98eb-bf79c9ff2870}</UniqueIdentifier>
    </Filter>
    <Filter Include="GameComponents">
      <UniqueIdentifier>{83a507e0-3ac2-45f0-aa8b-bd8be1a83a54}</UniqueIdentifier>
    </Filter>
    <Filter Include="GameControler">
      <UniqueIdentifier>{53e6e235-2f0c-4a1c-ab52-4a8b3c7b498b}</UniqueIdentifier>
    </Filter>
    <Filter Include="Scenes">
      <UniqueIdentifier>{1e022eaa-546e-418e-b861-b9b3ccb6cfd5}</UniqueIdentifier>
    </Filter>
    <Filter Include="Object">
      <UniqueIdentifier>{3af8f3c1-3ee0-4ee1-a0cd-18505c1e1cec}</UniqueIdentifier>
    </Filter>
    <Filter Include="Player">
      <UniqueIdentifier>{74e2cd97-33b3-4abb-b48e-76118e6575e0}</UniqueIdentifier>
    </Filter>
    <Filter Include="Map">
      <UniqueIdentifier>{4d8f4a1c-d5a1-4aac-8ca0-a09bcf7c0880}</UniqueIdentifier>
    </Filter>
    <Filter Include="Enemy">
      <UniqueIdentifier>{ca426e89-ba5d-47cb-9484-6d4f422952be}</UniqueIdentifier>
    </Filter>
    <Filter Include="Enemy\RedRocketRobot">
      <UniqueIdentifier>{be33280e-667a-41db-9367-323c53cf0f99}</UniqueIdentifier>
    </Filter>
    <Filter Include="Player\Shield">
      <UniqueIdentifier>{8fa90513-e92e-44d8-9174-17e061a5f19d}</UniqueIdentifier>
    </Filter>
    <Filter Include="Player\PlayerState">
      <UniqueIdentifier>{6afa3bf9-9598-49a9-a529-7e3693b762c9}</UniqueIdentifier>
    </Filter>
    <Filter Include="Items">
      <UniqueIdentifier>{16bc8034-aba7-4cda-b1d8-5b309f630178}</UniqueIdentifier>
    </Filter>
    <Filter Include="Enemy\BlueSoldier">
      <UniqueIdentifier>{97f93f5e-eb41-476b-a68c-be99748cf3b6}</UniqueIdentifier>
    </Filter>
    <Filter Include="Enemy\BossWizard">
      <UniqueIdentifier>{6092de28-68e9-4532-8309-c7a542f6850e}</UniqueIdentifier>
    </Filter>
    <Filter Include="Enemy\BossWizard\BossWizardState">
      <UniqueIdentifier>{c47ba564-3cd6-4010-b033-a462c107ec2f}</UniqueIdentifier>
    </Filter>
    <Filter Include="Enemy\BossWizard\LaserBullet">
      <UniqueIdentifier>{b29dd863-5fff-4b15-8f82-49e2f1c1d58c}</UniqueIdentifier>
    </Filter>
    <Filter Include="Enemy\BossWizard\EnergyBullet">
      <UniqueIdentifier>{35a4ce6d-a93a-436b-ac3b-4f6554bdecf8}</UniqueIdentifier>
    </Filter>
    <Filter Include="Enemy\GreenSoldier">
      <UniqueIdentifier>{fa880fe6-7a0b-4a0b-a4c1-a7461e9ddd1b}</UniqueIdentifier>
    </Filter>
    <Filter Include="Enemy\Bat">
      <UniqueIdentifier>{66a4dc54-ccb6-4c1e-bac2-4a2c36e8c16e}</UniqueIdentifier>
    </Filter>
    <Filter Include="Enemy\BossWizard\BossWizardRoad">
      <UniqueIdentifier>{79fcaf3b-757f-4f17-8224-2a026bea3353}</UniqueIdentifier>
    </Filter>
    <Filter Include="Enemy\GrayRobot">
      <UniqueIdentifier>{5c477ef5-7efa-4271-af72-28d802b5e8e2}</UniqueIdentifier>
    </Filter>
    <Filter Include="Enemy\BossGragas">
      <UniqueIdentifier>{562e2a7c-5cf6-4897-b6ef-7cd03a9549f5}</UniqueIdentifier>
    </Filter>
    <Filter Include="Enemy\BossGragas\SuperLaserBullet">
      <UniqueIdentifier>{2f03f92d-7afb-4370-a172-b1ca64e1aea5}</UniqueIdentifier>
    </Filter>
    <Filter Include="Enemy\BossGragas\Barrel">
      <UniqueIdentifier>{a887db3d-b75a-45a9-acd1-c91e69ffa149}</UniqueIdentifier>
    </Filter>
    <Filter Include="Enemy\Turret">
      <UniqueIdentifier>{37aab949-296e-49e7-85bc-f1b37766bad4}</UniqueIdentifier>
    </Filter>
  </ItemGroup>
  <ItemGroup>
    <ClCompile Include="Framework\Animation.cpp">
      <Filter>Framework</Filter>
    </ClCompile>
    <ClCompile Include="Framework\d3d.cpp">
      <Filter>Framework</Filter>
    </ClCompile>
    <ClCompile Include="Framework\Debug.cpp">
      <Filter>Framework</Filter>
    </ClCompile>
    <ClCompile Include="Framework\DirectInput.cpp">
      <Filter>Framework</Filter>
    </ClCompile>
    <ClCompile Include="Framework\GameTimer.cpp">
      <Filter>Framework</Filter>
    </ClCompile>
    <ClCompile Include="Framework\Sprite.cpp">
      <Filter>Framework</Filter>
    </ClCompile>
    <ClCompile Include="Framework\Texture.cpp">
      <Filter>Framework</Filter>
    </ClCompile>
    <ClCompile Include="WinMain.cpp" />
    <ClCompile Include="Scene.cpp">
      <Filter>GameComponents</Filter>
    </ClCompile>
    <ClCompile Include="GameManager.cpp">
      <Filter>GameControler</Filter>
    </ClCompile>
    <ClCompile Include="SceneManager.cpp">
      <Filter>GameControler</Filter>
    </ClCompile>
    <ClCompile Include="WorldMap.cpp">
      <Filter>GameComponents</Filter>
    </ClCompile>
    <ClCompile Include="Entity.cpp">
      <Filter>Object</Filter>
    </ClCompile>
    <ClCompile Include="Player.cpp">
      <Filter>Player</Filter>
    </ClCompile>
    <ClCompile Include="Charleston.cpp">
      <Filter>Scenes</Filter>
    </ClCompile>
    <ClCompile Include="Camera.cpp">
      <Filter>GameComponents</Filter>
    </ClCompile>
    <ClCompile Include="CharlestonMap.cpp">
      <Filter>Map</Filter>
    </ClCompile>
    <ClCompile Include="DataCollect.cpp">
      <Filter>GameComponents</Filter>
    </ClCompile>
    <ClCompile Include="CharlestonBoss.cpp">
      <Filter>Scenes</Filter>
    </ClCompile>
    <ClCompile Include="CharlestonBossMap.cpp">
      <Filter>Map</Filter>
    </ClCompile>
    <ClCompile Include="Collision.cpp">
      <Filter>GameComponents</Filter>
    </ClCompile>
    <ClCompile Include="EnemyWeapon.cpp">
      <Filter>Enemy</Filter>
    </ClCompile>
    <ClCompile Include="RedRocket.cpp">
      <Filter>Enemy\RedRocketRobot</Filter>
    </ClCompile>
    <ClCompile Include="RedRocketRobot.cpp">
      <Filter>Enemy\RedRocketRobot</Filter>
    </ClCompile>
    <ClCompile Include="ShieldKickState.cpp">
      <Filter>Player\Shield</Filter>
    </ClCompile>
    <ClCompile Include="ShieldNomalState.cpp">
      <Filter>Player\Shield</Filter>
    </ClCompile>
    <ClCompile Include="ShieldOnAirState.cpp">
      <Filter>Player\Shield</Filter>
    </ClCompile>
    <ClCompile Include="ShieldState.cpp">
      <Filter>Player\Shield</Filter>
    </ClCompile>
    <ClCompile Include="ShieldUpState.cpp">
      <Filter>Player\Shield</Filter>
    </ClCompile>
    <ClCompile Include="ShieldDownState.cpp">
      <Filter>Player\Shield</Filter>
    </ClCompile>
    <ClCompile Include="ShieldAttackState.cpp">
      <Filter>Player\Shield</Filter>
    </ClCompile>
    <ClCompile Include="PlayerThrowingState.cpp">
      <Filter>Player\PlayerState</Filter>
    </ClCompile>
    <ClCompile Include="PlayerState.cpp">
      <Filter>Player\PlayerState</Filter>
    </ClCompile>
    <ClCompile Include="PlayerShieldUpState.cpp">
      <Filter>Player\PlayerState</Filter>
    </ClCompile>
    <ClCompile Include="PlayerShieldDownState.cpp">
      <Filter>Player\PlayerState</Filter>
    </ClCompile>
    <ClCompile Include="PlayerRunningState.cpp">
      <Filter>Player\PlayerState</Filter>
    </ClCompile>
    <ClCompile Include="PlayerRollingState.cpp">
      <Filter>Player\PlayerState</Filter>
    </ClCompile>
    <ClCompile Include="PlayerPunchingState.cpp">
      <Filter>Player\PlayerState</Filter>
    </ClCompile>
    <ClCompile Include="PlayerKickingState.cpp">
      <Filter>Player\PlayerState</Filter>
    </ClCompile>
    <ClCompile Include="PlayerJumpingState.cpp">
      <Filter>Player\PlayerState</Filter>
    </ClCompile>
    <ClCompile Include="PlayerJumpingDownState.cpp">
      <Filter>Player\PlayerState</Filter>
    </ClCompile>
    <ClCompile Include="PlayerIdleState.cpp">
      <Filter>Player\PlayerState</Filter>
    </ClCompile>
    <ClCompile Include="PlayerFlowingState.cpp">
      <Filter>Player\PlayerState</Filter>
    </ClCompile>
    <ClCompile Include="PlayerDuckingState.cpp">
      <Filter>Player\PlayerState</Filter>
    </ClCompile>
    <ClCompile Include="PlayerDuckingPunchingState.cpp">
      <Filter>Player\PlayerState</Filter>
    </ClCompile>
    <ClCompile Include="PlayerDivingState.cpp">
      <Filter>Player\PlayerState</Filter>
    </ClCompile>
    <ClCompile Include="PlayerDashingState.cpp">
      <Filter>Player\PlayerState</Filter>
    </ClCompile>
    <ClCompile Include="Equation.cpp">
      <Filter>Enemy</Filter>
    </ClCompile>
    <ClCompile Include="Grid.cpp">
      <Filter>GameComponents</Filter>
    </ClCompile>
    <ClCompile Include="Shield.cpp">
      <Filter>Player</Filter>
    </ClCompile>
    <ClCompile Include="ItemsHolder.cpp">
      <Filter>Items</Filter>
    </ClCompile>
    <ClCompile Include="Item.cpp">
      <Filter>Items</Filter>
    </ClCompile>
    <ClCompile Include="PlayerBeatenState.cpp">
      <Filter>Player\PlayerState</Filter>
    </ClCompile>
    <ClCompile Include="PlayerLeg.cpp">
      <Filter>Player</Filter>
    </ClCompile>
    <ClCompile Include="PlayerArm.cpp">
      <Filter>Player</Filter>
    </ClCompile>
    <ClCompile Include="PlayerHangOnState.cpp">
      <Filter>Player\PlayerState</Filter>
    </ClCompile>
    <ClCompile Include="BlueSoldier.cpp">
      <Filter>Enemy\BlueSoldier</Filter>
    </ClCompile>
    <ClCompile Include="Bullet.cpp">
      <Filter>Enemy\BlueSoldier</Filter>
    </ClCompile>
    <ClCompile Include="BossWizard.cpp">
      <Filter>Enemy\BossWizard</Filter>
    </ClCompile>
    <ClCompile Include="BossWizardFireState.cpp">
      <Filter>Enemy\BossWizard\BossWizardState</Filter>
    </ClCompile>
    <ClCompile Include="BossWizardFlyingState.cpp">
      <Filter>Enemy\BossWizard\BossWizardState</Filter>
    </ClCompile>
    <ClCompile Include="BossWizardIdleState.cpp">
      <Filter>Enemy\BossWizard\BossWizardState</Filter>
    </ClCompile>
    <ClCompile Include="BossWizardRunningState.cpp">
      <Filter>Enemy\BossWizard\BossWizardState</Filter>
    </ClCompile>
    <ClCompile Include="BossWizardState.cpp">
      <Filter>Enemy\BossWizard\BossWizardState</Filter>
    </ClCompile>
    <ClCompile Include="BossWizardPunchingState.cpp">
      <Filter>Enemy\BossWizard\BossWizardState</Filter>
    </ClCompile>
    <ClCompile Include="BossWizardFlyingFireState.cpp">
      <Filter>Enemy\BossWizard\BossWizardState</Filter>
    </ClCompile>
    <ClCompile Include="LaserBullet.cpp">
      <Filter>Enemy\BossWizard\LaserBullet</Filter>
    </ClCompile>
    <ClCompile Include="EnergyBullet.cpp">
      <Filter>Enemy\BossWizard\EnergyBullet</Filter>
    </ClCompile>
    <ClCompile Include="BossWizardPunchingFireState.cpp">
      <Filter>Enemy\BossWizard\BossWizardState</Filter>
    </ClCompile>
    <ClCompile Include="PlayerDieState.cpp">
      <Filter>Player\PlayerState</Filter>
    </ClCompile>
    <ClCompile Include="GreenSoldier.cpp">
      <Filter>Enemy\GreenSoldier</Filter>
    </ClCompile>
    <ClCompile Include="Bat.cpp">
      <Filter>Enemy\Bat</Filter>
    </ClCompile>
    <ClCompile Include="BossWizardUMaxRoad.cpp">
      <Filter>Enemy\BossWizard\BossWizardRoad</Filter>
    </ClCompile>
    <ClCompile Include="BossWizardRoad.cpp">
      <Filter>Enemy\BossWizard\BossWizardRoad</Filter>
    </ClCompile>
    <ClCompile Include="BossWizardIdleRoad.cpp">
      <Filter>Enemy\BossWizard\BossWizardRoad</Filter>
    </ClCompile>
    <ClCompile Include="BossWizardFireRoad.cpp">
      <Filter>Enemy\BossWizard\BossWizardRoad</Filter>
    </ClCompile>
    <ClCompile Include="Pittsburgh.cpp">
      <Filter>Scenes</Filter>
    </ClCompile>
    <ClCompile Include="PittsburghMap.cpp">
      <Filter>Map</Filter>
    </ClCompile>
    <ClCompile Include="BossWizardSwitchOffRoad.cpp">
      <Filter>Enemy\BossWizard\BossWizardRoad</Filter>
    </ClCompile>
    <ClCompile Include="Enemy.cpp">
      <Filter>Enemy</Filter>
    </ClCompile>
    <ClCompile Include="BossWizardDieState.cpp">
      <Filter>Enemy\BossWizard\BossWizardState</Filter>
    </ClCompile>
    <ClCompile Include="BossWizardBeatenState.cpp">
      <Filter>Enemy\BossWizard\BossWizardState</Filter>
    </ClCompile>
    <ClCompile Include="BossWizardBeatenRoad.cpp">
      <Filter>Enemy\BossWizard\BossWizardRoad</Filter>
    </ClCompile>
    <ClCompile Include="DisappearPlatform.cpp">
      <Filter>Object</Filter>
    </ClCompile>
    <ClCompile Include="MovingPlatform.cpp">
      <Filter>Object</Filter>
    </ClCompile>
    <ClCompile Include="Platform.cpp">
      <Filter>Object</Filter>
    </ClCompile>
    <ClCompile Include="Door.cpp">
      <Filter>Object</Filter>
    </ClCompile>
    <ClCompile Include="OnOffSwitch.cpp">
      <Filter>Object</Filter>
    </ClCompile>
    <ClCompile Include="GrayRobot.cpp">
      <Filter>Enemy\GrayRobot</Filter>
    </ClCompile>
    <ClCompile Include="BossGragas.cpp">
      <Filter>Enemy\BossGragas</Filter>
    </ClCompile>
    <ClCompile Include="Barrel.cpp">
      <Filter>Enemy\BossGragas\Barrel</Filter>
    </ClCompile>
    <ClCompile Include="SuperLaserBullet.cpp">
      <Filter>Enemy\BossGragas\SuperLaserBullet</Filter>
    </ClCompile>
    <ClCompile Include="CrossPlatform.cpp">
      <Filter>Object</Filter>
    </ClCompile>
    <ClCompile Include="CirclePlatform.cpp">
      <Filter>Object</Filter>
    </ClCompile>
    <ClCompile Include="GrayRocket.cpp">
      <Filter>Enemy\GrayRobot</Filter>
    </ClCompile>
    <ClCompile Include="Turret.cpp">
      <Filter>Enemy\Turret</Filter>
    </ClCompile>
    <ClCompile Include="TurretBullet.cpp">
      <Filter>Enemy\Turret</Filter>
    </ClCompile>
    <ClCompile Include="PlayerShockingState.cpp">
      <Filter>Player\PlayerState</Filter>
    </ClCompile>
    <ClCompile Include="ElectricShockwaveBarrier.cpp">
      <Filter>Object</Filter>
    </ClCompile>
    <ClCompile Include="PittsburghBoss.cpp">
      <Filter>Scenes</Filter>
    </ClCompile>
    <ClCompile Include="PittsburghBossMap.cpp">
      <Filter>Map</Filter>
    </ClCompile>
  </ItemGroup>
  <ItemGroup>
    <ClInclude Include="Framework\Animation.h">
      <Filter>Framework</Filter>
    </ClInclude>
    <ClInclude Include="Framework\d3d.h">
      <Filter>Framework</Filter>
    </ClInclude>
    <ClInclude Include="Framework\Debug.h">
      <Filter>Framework</Filter>
    </ClInclude>
    <ClInclude Include="Framework\DirectInput.h">
      <Filter>Framework</Filter>
    </ClInclude>
    <ClInclude Include="Framework\GameSetting.h">
      <Filter>Framework</Filter>
    </ClInclude>
    <ClInclude Include="Framework\GameTimer.h">
      <Filter>Framework</Filter>
    </ClInclude>
    <ClInclude Include="Framework\Sprite.h">
      <Filter>Framework</Filter>
    </ClInclude>
    <ClInclude Include="Framework\Texture.h">
      <Filter>Framework</Filter>
    </ClInclude>
    <ClInclude Include="Scene.h">
      <Filter>GameComponents</Filter>
    </ClInclude>
    <ClInclude Include="GameManager.h">
      <Filter>GameControler</Filter>
    </ClInclude>
    <ClInclude Include="SceneManager.h">
      <Filter>GameControler</Filter>
    </ClInclude>
    <ClInclude Include="WorldMap.h">
      <Filter>GameComponents</Filter>
    </ClInclude>
    <ClInclude Include="Entity.h">
      <Filter>Object</Filter>
    </ClInclude>
    <ClInclude Include="Player.h">
      <Filter>Player</Filter>
    </ClInclude>
    <ClInclude Include="Charleston.h">
      <Filter>Scenes</Filter>
    </ClInclude>
    <ClInclude Include="Camera.h">
      <Filter>GameComponents</Filter>
    </ClInclude>
    <ClInclude Include="resource.h" />
    <ClInclude Include="CharlestonMap.h">
      <Filter>Map</Filter>
    </ClInclude>
    <ClInclude Include="DataCollect.h">
      <Filter>GameComponents</Filter>
    </ClInclude>
    <ClInclude Include="CharlestonBoss.h">
      <Filter>Scenes</Filter>
    </ClInclude>
    <ClInclude Include="CharlestonBossMap.h">
      <Filter>Map</Filter>
    </ClInclude>
    <ClInclude Include="Collision.h">
      <Filter>GameComponents</Filter>
    </ClInclude>
    <ClInclude Include="Enemy.h">
      <Filter>Enemy</Filter>
    </ClInclude>
    <ClInclude Include="EnemyWeapon.h">
      <Filter>Enemy</Filter>
    </ClInclude>
    <ClInclude Include="RedRocketRobot.h">
      <Filter>Enemy\RedRocketRobot</Filter>
    </ClInclude>
    <ClInclude Include="RedRocket.h">
      <Filter>Enemy\RedRocketRobot</Filter>
    </ClInclude>
    <ClInclude Include="ShieldKickState.h">
      <Filter>Player\Shield</Filter>
    </ClInclude>
    <ClInclude Include="ShieldNomalState.h">
      <Filter>Player\Shield</Filter>
    </ClInclude>
    <ClInclude Include="ShieldOnAirState.h">
      <Filter>Player\Shield</Filter>
    </ClInclude>
    <ClInclude Include="ShieldState.h">
      <Filter>Player\Shield</Filter>
    </ClInclude>
    <ClInclude Include="ShieldUpState.h">
      <Filter>Player\Shield</Filter>
    </ClInclude>
    <ClInclude Include="ShieldDownState.h">
      <Filter>Player\Shield</Filter>
    </ClInclude>
    <ClInclude Include="ShieldAttackState.h">
      <Filter>Player\Shield</Filter>
    </ClInclude>
    <ClInclude Include="PlayerThrowingState.h">
      <Filter>Player\PlayerState</Filter>
    </ClInclude>
    <ClInclude Include="PlayerState.h">
      <Filter>Player\PlayerState</Filter>
    </ClInclude>
    <ClInclude Include="PlayerShieldUpState.h">
      <Filter>Player\PlayerState</Filter>
    </ClInclude>
    <ClInclude Include="PlayerShieldDownState.h">
      <Filter>Player\PlayerState</Filter>
    </ClInclude>
    <ClInclude Include="PlayerRunningState.h">
      <Filter>Player\PlayerState</Filter>
    </ClInclude>
    <ClInclude Include="PlayerRollingState.h">
      <Filter>Player\PlayerState</Filter>
    </ClInclude>
    <ClInclude Include="PlayerPunchingState.h">
      <Filter>Player\PlayerState</Filter>
    </ClInclude>
    <ClInclude Include="PlayerKickingState.h">
      <Filter>Player\PlayerState</Filter>
    </ClInclude>
    <ClInclude Include="PlayerJumpingState.h">
      <Filter>Player\PlayerState</Filter>
    </ClInclude>
    <ClInclude Include="PlayerJumpingDownState.h">
      <Filter>Player\PlayerState</Filter>
    </ClInclude>
    <ClInclude Include="PlayerIdleState.h">
      <Filter>Player\PlayerState</Filter>
    </ClInclude>
    <ClInclude Include="PlayerFlowingState.h">
      <Filter>Player\PlayerState</Filter>
    </ClInclude>
    <ClInclude Include="PlayerDuckingState.h">
      <Filter>Player\PlayerState</Filter>
    </ClInclude>
    <ClInclude Include="PlayerDuckingPunchingState.h">
      <Filter>Player\PlayerState</Filter>
    </ClInclude>
    <ClInclude Include="PlayerDivingState.h">
      <Filter>Player\PlayerState</Filter>
    </ClInclude>
    <ClInclude Include="PlayerDashingState.h">
      <Filter>Player\PlayerState</Filter>
    </ClInclude>
    <ClInclude Include="Equation.h">
      <Filter>Enemy</Filter>
    </ClInclude>
    <ClInclude Include="Grid.h">
      <Filter>GameComponents</Filter>
    </ClInclude>
    <ClInclude Include="Shield.h">
      <Filter>Player</Filter>
    </ClInclude>
    <ClInclude Include="ItemsHolder.h">
      <Filter>Items</Filter>
    </ClInclude>
    <ClInclude Include="Item.h">
      <Filter>Items</Filter>
    </ClInclude>
    <ClInclude Include="PlayerBeatenState.h">
      <Filter>Player\PlayerState</Filter>
    </ClInclude>
    <ClInclude Include="PlayerLeg.h">
      <Filter>Player</Filter>
    </ClInclude>
    <ClInclude Include="PlayerArm.h">
      <Filter>Player</Filter>
    </ClInclude>
    <ClInclude Include="PlayerHangOnState.h">
      <Filter>Player\PlayerState</Filter>
    </ClInclude>
    <ClInclude Include="BlueSoldier.h">
      <Filter>Enemy\BlueSoldier</Filter>
    </ClInclude>
    <ClInclude Include="Bullet.h">
      <Filter>Enemy\BlueSoldier</Filter>
    </ClInclude>
    <ClInclude Include="BossWizard.h">
      <Filter>Enemy\BossWizard</Filter>
    </ClInclude>
    <ClInclude Include="BossWizardFireState.h">
      <Filter>Enemy\BossWizard\BossWizardState</Filter>
    </ClInclude>
    <ClInclude Include="BossWizardFlyingState.h">
      <Filter>Enemy\BossWizard\BossWizardState</Filter>
    </ClInclude>
    <ClInclude Include="BossWizardIdleState.h">
      <Filter>Enemy\BossWizard\BossWizardState</Filter>
    </ClInclude>
    <ClInclude Include="BossWizardRunningState.h">
      <Filter>Enemy\BossWizard\BossWizardState</Filter>
    </ClInclude>
    <ClInclude Include="BossWizardState.h">
      <Filter>Enemy\BossWizard\BossWizardState</Filter>
    </ClInclude>
    <ClInclude Include="BossWizardPunchingState.h">
      <Filter>Enemy\BossWizard\BossWizardState</Filter>
    </ClInclude>
    <ClInclude Include="BossWizardFlyingFireState.h">
      <Filter>Enemy\BossWizard\BossWizardState</Filter>
    </ClInclude>
    <ClInclude Include="LaserBullet.h">
      <Filter>Enemy\BossWizard\LaserBullet</Filter>
    </ClInclude>
    <ClInclude Include="EnergyBullet.h">
      <Filter>Enemy\BossWizard\EnergyBullet</Filter>
    </ClInclude>
    <ClInclude Include="BossWizardPunchingFireState.h">
      <Filter>Enemy\BossWizard\BossWizardState</Filter>
    </ClInclude>
    <ClInclude Include="PlayerDieState.h">
      <Filter>Player\PlayerState</Filter>
    </ClInclude>
    <ClInclude Include="GreenSoldier.h">
      <Filter>Enemy\GreenSoldier</Filter>
    </ClInclude>
    <ClInclude Include="Bat.h">
      <Filter>Enemy\Bat</Filter>
    </ClInclude>
    <ClInclude Include="BossWizardUMaxRoad.h">
      <Filter>Enemy\BossWizard\BossWizardRoad</Filter>
    </ClInclude>
    <ClInclude Include="BossWizardRoad.h">
      <Filter>Enemy\BossWizard\BossWizardRoad</Filter>
    </ClInclude>
    <ClInclude Include="BossWizardIdleRoad.h">
      <Filter>Enemy\BossWizard\BossWizardRoad</Filter>
    </ClInclude>
    <ClInclude Include="BossWizardFireRoad.h">
      <Filter>Enemy\BossWizard\BossWizardRoad</Filter>
    </ClInclude>
    <ClInclude Include="Pittsburgh.h">
      <Filter>Scenes</Filter>
    </ClInclude>
    <ClInclude Include="PittsburghMap.h">
      <Filter>Map</Filter>
    </ClInclude>
    <ClInclude Include="BossWizardSwitchOffRoad.h">
      <Filter>Enemy\BossWizard\BossWizardRoad</Filter>
    </ClInclude>
    <ClInclude Include="BossWizardDieState.h">
      <Filter>Enemy\BossWizard\BossWizardState</Filter>
    </ClInclude>
    <ClInclude Include="BossWizardBeatenState.h">
      <Filter>Enemy\BossWizard\BossWizardState</Filter>
    </ClInclude>
    <ClInclude Include="BossWizardBeatenRoad.h">
      <Filter>Enemy\BossWizard\BossWizardRoad</Filter>
    </ClInclude>
    <ClInclude Include="DisappearPlatform.h">
      <Filter>Object</Filter>
    </ClInclude>
    <ClInclude Include="MovingPlatform.h">
      <Filter>Object</Filter>
    </ClInclude>
    <ClInclude Include="Platform.h">
      <Filter>Object</Filter>
    </ClInclude>
    <ClInclude Include="Door.h">
      <Filter>Object</Filter>
    </ClInclude>
    <ClInclude Include="OnOffSwitch.h">
      <Filter>Object</Filter>
    </ClInclude>
    <ClInclude Include="GrayRobot.h">
      <Filter>Enemy\GrayRobot</Filter>
    </ClInclude>
    <ClInclude Include="BossGragas.h">
      <Filter>Enemy\BossGragas</Filter>
    </ClInclude>
    <ClInclude Include="SuperLaserBullet.h">
      <Filter>Enemy\BossGragas\SuperLaserBullet</Filter>
    </ClInclude>
    <ClInclude Include="Barrel.h">
      <Filter>Enemy\BossGragas\Barrel</Filter>
    </ClInclude>
    <ClInclude Include="CrossPlatform.h">
      <Filter>Object</Filter>
    </ClInclude>
    <ClInclude Include="CirclePlatform.h">
      <Filter>Object</Filter>
    </ClInclude>
    <ClInclude Include="GrayRocket.h">
      <Filter>Enemy\GrayRobot</Filter>
    </ClInclude>
    <ClInclude Include="Turret.h">
      <Filter>Enemy\Turret</Filter>
    </ClInclude>
    <ClInclude Include="TurretBullet.h">
      <Filter>Enemy\Turret</Filter>
    </ClInclude>
    <ClInclude Include="PlayerShockingState.h">
      <Filter>Player\PlayerState</Filter>
    </ClInclude>
    <ClInclude Include="ElectricShockwaveBarrier.h">
      <Filter>Object</Filter>
    </ClInclude>
    <ClInclude Include="PittsburghBoss.h">
      <Filter>Scenes</Filter>
    </ClInclude>
    <ClInclude Include="PittsburghBossMap.h">
      <Filter>Map</Filter>
    </ClInclude>
  </ItemGroup>
  <ItemGroup>
    <ResourceCompile Include="Map.rc" />
  </ItemGroup>
</Project>