<?xml version="1.0" encoding="utf-8"?>
<Project ToolsVersion="4.0" xmlns="http://schemas.microsoft.com/developer/msbuild/2003">
  <ItemGroup>
    <Filter Include="Framework">
      <UniqueIdentifier>{c0217b35-f2f8-4dbe-98eb-bf79c9ff2870}</UniqueIdentifier>
    </Filter>
    <Filter Include="GameComponents">
      <UniqueIdentifier>{83a507e0-3ac2-45f0-aa8b-bd8be1a83a54}</UniqueIdentifier>
    </Filter>
    <Filter Include="GameControler">
      <UniqueIdentifier>{53e6e235-2f0c-4a1c-ab52-4a8b3c7b498b}</UniqueIdentifier>
    </Filter>
    <Filter Include="Scenes">
      <UniqueIdentifier>{1e022eaa-546e-418e-b861-b9b3ccb6cfd5}</UniqueIdentifier>
    </Filter>
  </ItemGroup>
  <ItemGroup>
    <ClCompile Include="Framework\Animation.cpp">
      <Filter>Framework</Filter>
    </ClCompile>
    <ClCompile Include="Framework\d3d.cpp">
      <Filter>Framework</Filter>
    </ClCompile>
    <ClCompile Include="Framework\Debug.cpp">
      <Filter>Framework</Filter>
    </ClCompile>
    <ClCompile Include="Framework\DirectInput.cpp">
      <Filter>Framework</Filter>
    </ClCompile>
    <ClCompile Include="Framework\GameTimer.cpp">
      <Filter>Framework</Filter>
    </ClCompile>
    <ClCompile Include="Framework\Sprite.cpp">
      <Filter>Framework</Filter>
    </ClCompile>
    <ClCompile Include="Framework\Supporter.cpp">
      <Filter>Framework</Filter>
    </ClCompile>
    <ClCompile Include="Framework\Texture.cpp">
      <Filter>Framework</Filter>
    </ClCompile>
    <ClCompile Include="WinMain.cpp" />
    <ClCompile Include="Scene.cpp">
      <Filter>GameComponents</Filter>
    </ClCompile>
    <ClCompile Include="GameManager.cpp">
      <Filter>GameControler</Filter>
    </ClCompile>
    <ClCompile Include="SceneManager.cpp">
      <Filter>GameControler</Filter>
    </ClCompile>
    <ClCompile Include="WorldMap.cpp">
      <Filter>GameComponents</Filter>
    </ClCompile>
    <ClCompile Include="World11.cpp">
      <Filter>Scenes</Filter>
    </ClCompile>
  </ItemGroup>
  <ItemGroup>
    <ClInclude Include="Framework\Animation.h">
      <Filter>Framework</Filter>
    </ClInclude>
    <ClInclude Include="Framework\d3d.h">
      <Filter>Framework</Filter>
    </ClInclude>
    <ClInclude Include="Framework\Debug.h">
      <Filter>Framework</Filter>
    </ClInclude>
    <ClInclude Include="Framework\DirectInput.h">
      <Filter>Framework</Filter>
    </ClInclude>
    <ClInclude Include="Framework\GameSetting.h">
      <Filter>Framework</Filter>
    </ClInclude>
    <ClInclude Include="Framework\GameTimer.h">
      <Filter>Framework</Filter>
    </ClInclude>
    <ClInclude Include="Framework\Sprite.h">
      <Filter>Framework</Filter>
    </ClInclude>
    <ClInclude Include="Framework\Supporter.h">
      <Filter>Framework</Filter>
    </ClInclude>
    <ClInclude Include="Framework\Texture.h">
      <Filter>Framework</Filter>
    </ClInclude>
    <ClInclude Include="Scene.h">
      <Filter>GameComponents</Filter>
    </ClInclude>
    <ClInclude Include="GameManager.h">
      <Filter>GameControler</Filter>
    </ClInclude>
    <ClInclude Include="SceneManager.h">
      <Filter>GameControler</Filter>
    </ClInclude>
    <ClInclude Include="World11.h">
      <Filter>Scenes</Filter>
    </ClInclude>
    <ClInclude Include="WorldMap.h">
      <Filter>GameComponents</Filter>
    </ClInclude>
  </ItemGroup>
</Project>